
Microsoft Visual Studio Solution File, Format Version 12.00
# Visual Studio 15
VisualStudioVersion = 15.0.28307.421
MinimumVisualStudioVersion = 10.0.40219.1
Project("{FAE04EC0-301F-11D3-BF4B-00C04F79EFBC}") = "Lab2", "Lab2\Lab2.csproj", "{42F31664-4066-4B30-930B-3C894315AB53}"
EndProject
Global
	GlobalSection(SolutionConfigurationPlatforms) = preSolution
		Debug|Any CPU = Debug|Any CPU
		Release|Any CPU = Release|Any CPU
	EndGlobalSection
	GlobalSection(ProjectConfigurationPlatforms) = postSolution
		{42F31664-4066-4B30-930B-3C894315AB53}.Debug|Any CPU.ActiveCfg = Debug|Any CPU
		{42F31664-4066-4B30-930B-3C894315AB53}.Debug|Any CPU.Build.0 = Debug|Any CPU
		{42F31664-4066-4B30-930B-3C894315AB53}.Release|Any CPU.ActiveCfg = Release|Any CPU
		{42F31664-4066-4B30-930B-3C894315AB53}.Release|Any CPU.Build.0 = Release|Any CPU
	EndGlobalSection
	GlobalSection(SolutionProperties) = preSolution
		HideSolutionNode = FALSE
	EndGlobalSection
	GlobalSection(ExtensibilityGlobals) = postSolution
		SolutionGuid = {3A3DC4E6-527C-45AF-BF20-2ABFEF7A1CAE}
	EndGlobalSection
EndGlobal
